
Microsoft Visual Studio Solution File, Format Version 12.00
# Visual Studio Version 16
VisualStudioVersion = 16.6.30114.105
MinimumVisualStudioVersion = 10.0.40219.1
Project("{FAE04EC0-301F-11D3-BF4B-00C04F79EFBC}") = "SimpleRest", "SimpleRest\SimpleRest.csproj", "{305978E0-B9BD-45FB-AFC9-C791E79E3BD9}"
EndProject
Project("{FAE04EC0-301F-11D3-BF4B-00C04F79EFBC}") = "SimpleRest.Tests", "SimpleRest.Tests\SimpleRest.Tests.csproj", "{F270B1E8-F095-4856-9B33-0096919398FD}"
EndProject
Global
	GlobalSection(SolutionConfigurationPlatforms) = preSolution
		Debug|Any CPU = Debug|Any CPU
		Debug|x64 = Debug|x64
		Debug|x86 = Debug|x86
		Release|Any CPU = Release|Any CPU
		Release|x64 = Release|x64
		Release|x86 = Release|x86
	EndGlobalSection
	GlobalSection(SolutionProperties) = preSolution
		HideSolutionNode = FALSE
	EndGlobalSection
	GlobalSection(ProjectConfigurationPlatforms) = postSolution
		{305978E0-B9BD-45FB-AFC9-C791E79E3BD9}.Debug|Any CPU.ActiveCfg = Debug|Any CPU
		{305978E0-B9BD-45FB-AFC9-C791E79E3BD9}.Debug|Any CPU.Build.0 = Debug|Any CPU
		{305978E0-B9BD-45FB-AFC9-C791E79E3BD9}.Debug|x64.ActiveCfg = Debug|Any CPU
		{305978E0-B9BD-45FB-AFC9-C791E79E3BD9}.Debug|x64.Build.0 = Debug|Any CPU
		{305978E0-B9BD-45FB-AFC9-C791E79E3BD9}.Debug|x86.ActiveCfg = Debug|Any CPU
		{305978E0-B9BD-45FB-AFC9-C791E79E3BD9}.Debug|x86.Build.0 = Debug|Any CPU
		{305978E0-B9BD-45FB-AFC9-C791E79E3BD9}.Release|Any CPU.ActiveCfg = Release|Any CPU
		{305978E0-B9BD-45FB-AFC9-C791E79E3BD9}.Release|Any CPU.Build.0 = Release|Any CPU
		{305978E0-B9BD-45FB-AFC9-C791E79E3BD9}.Release|x64.ActiveCfg = Release|Any CPU
		{305978E0-B9BD-45FB-AFC9-C791E79E3BD9}.Release|x64.Build.0 = Release|Any CPU
		{305978E0-B9BD-45FB-AFC9-C791E79E3BD9}.Release|x86.ActiveCfg = Release|Any CPU
		{305978E0-B9BD-45FB-AFC9-C791E79E3BD9}.Release|x86.Build.0 = Release|Any CPU
		{F270B1E8-F095-4856-9B33-0096919398FD}.Debug|Any CPU.ActiveCfg = Debug|Any CPU
		{F270B1E8-F095-4856-9B33-0096919398FD}.Debug|Any CPU.Build.0 = Debug|Any CPU
		{F270B1E8-F095-4856-9B33-0096919398FD}.Debug|x64.ActiveCfg = Debug|Any CPU
		{F270B1E8-F095-4856-9B33-0096919398FD}.Debug|x64.Build.0 = Debug|Any CPU
		{F270B1E8-F095-4856-9B33-0096919398FD}.Debug|x86.ActiveCfg = Debug|Any CPU
		{F270B1E8-F095-4856-9B33-0096919398FD}.Debug|x86.Build.0 = Debug|Any CPU
		{F270B1E8-F095-4856-9B33-0096919398FD}.Release|Any CPU.ActiveCfg = Release|Any CPU
		{F270B1E8-F095-4856-9B33-0096919398FD}.Release|Any CPU.Build.0 = Release|Any CPU
		{F270B1E8-F095-4856-9B33-0096919398FD}.Release|x64.ActiveCfg = Release|Any CPU
		{F270B1E8-F095-4856-9B33-0096919398FD}.Release|x64.Build.0 = Release|Any CPU
		{F270B1E8-F095-4856-9B33-0096919398FD}.Release|x86.ActiveCfg = Release|Any CPU
		{F270B1E8-F095-4856-9B33-0096919398FD}.Release|x86.Build.0 = Release|Any CPU
	EndGlobalSection
EndGlobal
